
Microsoft Visual Studio Solution File, Format Version 12.00
# Visual Studio 15
Project("{FAE04EC0-301F-11D3-BF4B-00C04F79EFBC}") = "Unity.Timeline", "Unity.Timeline.csproj", "{FA5C267A-9118-9E0B-AFF8-6C965872B790}"
EndProject
Project("{FAE04EC0-301F-11D3-BF4B-00C04F79EFBC}") = "Unity.PlasticSCM.Editor", "Unity.PlasticSCM.Editor.csproj", "{A77B6BC1-EE96-7B0F-782B-CCF62057463B}"
EndProject
Project("{FAE04EC0-301F-11D3-BF4B-00C04F79EFBC}") = "Unity.Mathematics", "Unity.Mathematics.csproj", "{3F5102D5-4437-07B4-D381-713B41F4BF17}"
EndProject
Project("{FAE04EC0-301F-11D3-BF4B-00C04F79EFBC}") = "Unity.Timeline.Editor", "Unity.Timeline.Editor.csproj", "{FEF52DB0-861E-4845-E13A-92065C6339AC}"
EndProject
Project("{FAE04EC0-301F-11D3-BF4B-00C04F79EFBC}") = "Unity.Collections", "Unity.Collections.csproj", "{8A4BFECD-D76F-AF08-187A-F8E8B3C730C5}"
EndProject
Project("{FAE04EC0-301F-11D3-BF4B-00C04F79EFBC}") = "Unity.VisualScripting.Core.Editor", "Unity.VisualScripting.Core.Editor.csproj", "{10ED20A2-1A66-5C89-DC57-32CB0F59A31C}"
EndProject
Project("{FAE04EC0-301F-11D3-BF4B-00C04F79EFBC}") = "Unity.PerformanceTesting.Editor", "Unity.PerformanceTesting.Editor.csproj", "{CB66D8D6-DAE9-5F83-926E-E41A306C33DC}"
EndProject
Project("{FAE04EC0-301F-11D3-BF4B-00C04F79EFBC}") = "Unity.Burst", "Unity.Burst.csproj", "{A5E46A1A-B12B-BE7B-3A0A-AB704F3EB56D}"
EndProject
Project("{FAE04EC0-301F-11D3-BF4B-00C04F79EFBC}") = "Unity.VisualScripting.Flow.Editor", "Unity.VisualScripting.Flow.Editor.csproj", "{597CC323-2913-28EA-9C5F-EB178B48EF2A}"
EndProject
Project("{FAE04EC0-301F-11D3-BF4B-00C04F79EFBC}") = "Unity.VisualStudio.Editor", "Unity.VisualStudio.Editor.csproj", "{B2CDDA95-2F1D-9FA2-4160-0A221AB9A582}"
EndProject
Project("{FAE04EC0-301F-11D3-BF4B-00C04F79EFBC}") = "Unity.InputSystem", "Unity.InputSystem.csproj", "{9207639A-AE44-9EE7-6067-16A7EE0D29B9}"
EndProject
Project("{FAE04EC0-301F-11D3-BF4B-00C04F79EFBC}") = "Unity.XR.CoreUtils", "Unity.XR.CoreUtils.csproj", "{F7582DCB-EBB6-E1E9-506A-E42D37256FDF}"
EndProject
Project("{FAE04EC0-301F-11D3-BF4B-00C04F79EFBC}") = "UniTask", "UniTask.csproj", "{00C7D639-A295-85B1-A155-011C5778F844}"
EndProject
Project("{FAE04EC0-301F-11D3-BF4B-00C04F79EFBC}") = "Unity.Searcher.Editor", "Unity.Searcher.Editor.csproj", "{70B0CA5C-2B34-F768-517C-E19CB344E757}"
EndProject
Project("{FAE04EC0-301F-11D3-BF4B-00C04F79EFBC}") = "Unity.VisualScripting.Core", "Unity.VisualScripting.Core.csproj", "{D6F8749D-0139-BD95-180E-D8C24F29780F}"
EndProject
Project("{FAE04EC0-301F-11D3-BF4B-00C04F79EFBC}") = "Unity.VisualScripting.State.Editor", "Unity.VisualScripting.State.Editor.csproj", "{FDF911C1-D529-38AB-2464-EADF98A59FBA}"
EndProject
Project("{FAE04EC0-301F-11D3-BF4B-00C04F79EFBC}") = "com.bmh.core.runtime", "com.bmh.core.runtime.csproj", "{EC7B23B3-9BD1-595D-710F-ECE5A89754AD}"
EndProject
Project("{FAE04EC0-301F-11D3-BF4B-00C04F79EFBC}") = "Autodesk.Fbx", "Autodesk.Fbx.csproj", "{0FD6616B-7082-EE9C-E96F-E2F53D67AA6F}"
EndProject
Project("{FAE04EC0-301F-11D3-BF4B-00C04F79EFBC}") = "Unity.TestTools.CodeCoverage.Editor", "Unity.TestTools.CodeCoverage.Editor.csproj", "{AB61A207-88E6-9376-4468-5C13C658FBC1}"
EndProject
Project("{FAE04EC0-301F-11D3-BF4B-00C04F79EFBC}") = "Unity.Burst.CodeGen", "Unity.Burst.CodeGen.csproj", "{70C0F4B0-CE58-D125-2028-81D71084E4B0}"
EndProject
Project("{FAE04EC0-301F-11D3-BF4B-00C04F79EFBC}") = "Unity.VisualScripting.Flow", "Unity.VisualScripting.Flow.csproj", "{64800E4F-B910-EFDC-F882-F3414E919537}"
EndProject
Project("{FAE04EC0-301F-11D3-BF4B-00C04F79EFBC}") = "Unity.PerformanceTesting", "Unity.PerformanceTesting.csproj", "{40D37435-6685-D526-CE39-03CC881F36E6}"
EndProject
Project("{FAE04EC0-301F-11D3-BF4B-00C04F79EFBC}") = "Unity.TestTools.CodeCoverage.Editor.OpenCover.Model", "Unity.TestTools.CodeCoverage.Editor.OpenCover.Model.csproj", "{FE27124E-57C2-7ADF-5D51-88773BB9BE2D}"
EndProject
Project("{FAE04EC0-301F-11D3-BF4B-00C04F79EFBC}") = "UniTask.Linq", "UniTask.Linq.csproj", "{8E87DC75-B3C5-3B0E-9CCF-6BE694259AE9}"
EndProject
Project("{FAE04EC0-301F-11D3-BF4B-00C04F79EFBC}") = "Assembly-CSharp", "Assembly-CSharp.csproj", "{D2EA0C57-5D9C-0B39-D869-8F33B8307264}"
EndProject
Project("{FAE04EC0-301F-11D3-BF4B-00C04F79EFBC}") = "Unity.Burst.Editor", "Unity.Burst.Editor.csproj", "{40A16F8B-4611-471E-6CE4-0C467B7FCA0E}"
EndProject
Project("{FAE04EC0-301F-11D3-BF4B-00C04F79EFBC}") = "Unity.TestTools.CodeCoverage.Editor.OpenCover.Mono.Reflection", "Unity.TestTools.CodeCoverage.Editor.OpenCover.Mono.Reflection.csproj", "{7B27431D-1F73-FE68-DCDD-BCC171054F5F}"
EndProject
Project("{FAE04EC0-301F-11D3-BF4B-00C04F79EFBC}") = "Unity.Rider.Editor", "Unity.Rider.Editor.csproj", "{5D3A7945-A47F-9B0E-100B-7CA1E685AE05}"
EndProject
Project("{FAE04EC0-301F-11D3-BF4B-00C04F79EFBC}") = "Unity.VisualScripting.State", "Unity.VisualScripting.State.csproj", "{D6C8F198-453F-A619-CDF1-2DCC825C5E78}"
EndProject
Project("{FAE04EC0-301F-11D3-BF4B-00C04F79EFBC}") = "Unity.Formats.Fbx.Editor", "Unity.Formats.Fbx.Editor.csproj", "{8E74B45E-7CC0-352D-ECE7-3750023AAC33}"
EndProject
Project("{FAE04EC0-301F-11D3-BF4B-00C04F79EFBC}") = "Unity.Performance.Profile-Analyzer.Editor", "Unity.Performance.Profile-Analyzer.Editor.csproj", "{39F0DB54-AD6D-3517-FF97-A76793D793AF}"
EndProject
Project("{FAE04EC0-301F-11D3-BF4B-00C04F79EFBC}") = "Unity.XR.CoreUtils.Editor", "Unity.XR.CoreUtils.Editor.csproj", "{2B8DCBD8-7D43-5C1C-D77D-6FC4B3E24CD4}"
EndProject
Project("{FAE04EC0-301F-11D3-BF4B-00C04F79EFBC}") = "Assembly-CSharp-firstpass", "Assembly-CSharp-firstpass.csproj", "{35C83087-8F4F-769E-08C8-1F451BD20742}"
EndProject
Project("{FAE04EC0-301F-11D3-BF4B-00C04F79EFBC}") = "Unity.XR.Management.Editor", "Unity.XR.Management.Editor.csproj", "{9A2149BF-79F3-85B9-E8B4-C08F5473901D}"
EndProject
Project("{FAE04EC0-301F-11D3-BF4B-00C04F79EFBC}") = "Unity.InputSystem.ForUI", "Unity.InputSystem.ForUI.csproj", "{802E69BE-5A0E-900A-C2A9-F9CFE4F13905}"
EndProject
Project("{FAE04EC0-301F-11D3-BF4B-00C04F79EFBC}") = "Unity.Collections.CodeGen", "Unity.Collections.CodeGen.csproj", "{9B59AF7D-7004-74FC-E717-26CBD1432C19}"
EndProject
Project("{FAE04EC0-301F-11D3-BF4B-00C04F79EFBC}") = "Unity.XR.Management", "Unity.XR.Management.csproj", "{CD369BA7-A5A5-FCF4-A443-7CE197604740}"
EndProject
Project("{FAE04EC0-301F-11D3-BF4B-00C04F79EFBC}") = "Unity.Mathematics.Editor", "Unity.Mathematics.Editor.csproj", "{6CEA2354-8E1C-5942-E5C3-AA16FB1D75C9}"
EndProject
Project("{FAE04EC0-301F-11D3-BF4B-00C04F79EFBC}") = "Unity.VisualScripting.SettingsProvider.Editor", "Unity.VisualScripting.SettingsProvider.Editor.csproj", "{0591DAC7-695E-D679-F4D5-2B4CC2081EA5}"
EndProject
Project("{FAE04EC0-301F-11D3-BF4B-00C04F79EFBC}") = "UniTask.TextMeshPro", "UniTask.TextMeshPro.csproj", "{0EC23E89-0065-59C4-0A64-3AF929E1B3AE}"
EndProject
Project("{FAE04EC0-301F-11D3-BF4B-00C04F79EFBC}") = "Assembly-CSharp-Editor", "Assembly-CSharp-Editor.csproj", "{4CBFB381-BF13-DFD8-4A28-E65767003F98}"
EndProject
Project("{FAE04EC0-301F-11D3-BF4B-00C04F79EFBC}") = "Unity.Settings.Editor", "Unity.Settings.Editor.csproj", "{3A885587-BD3B-9753-FD86-DB10B6CDABA9}"
EndProject
Project("{FAE04EC0-301F-11D3-BF4B-00C04F79EFBC}") = "Unity.InputSystem.TestFramework", "Unity.InputSystem.TestFramework.csproj", "{32196490-78CC-7192-9FED-FA080E9C4AC8}"
EndProject
Project("{FAE04EC0-301F-11D3-BF4B-00C04F79EFBC}") = "UnityEditor.XR.LegacyInputHelpers", "UnityEditor.XR.LegacyInputHelpers.csproj", "{A9FA60D3-660D-486E-C4CD-7A13A8089619}"
EndProject
Project("{FAE04EC0-301F-11D3-BF4B-00C04F79EFBC}") = "Unity.VisualScripting.Shared.Editor", "Unity.VisualScripting.Shared.Editor.csproj", "{974640D9-C00C-66D8-D9D2-A650D748ECC8}"
EndProject
Project("{FAE04EC0-301F-11D3-BF4B-00C04F79EFBC}") = "com.bmh.core.editor", "com.bmh.core.editor.csproj", "{CE66B9D2-C129-4882-16CB-BF127FD01538}"
EndProject
Project("{FAE04EC0-301F-11D3-BF4B-00C04F79EFBC}") = "Unity.EditorCoroutines.Editor", "Unity.EditorCoroutines.Editor.csproj", "{8B4F240F-B448-5891-BD51-5884D8C2CC56}"
EndProject
Project("{FAE04EC0-301F-11D3-BF4B-00C04F79EFBC}") = "Assembly-CSharp-Editor-firstpass", "Assembly-CSharp-Editor-firstpass.csproj", "{AC77E580-88F9-7B27-EFAC-2B1F036DE221}"
EndProject
Project("{FAE04EC0-301F-11D3-BF4B-00C04F79EFBC}") = "Unity.CollabProxy.Editor", "Unity.CollabProxy.Editor.csproj", "{2BB0A231-1D9C-1CB9-32C9-1E238832D346}"
EndProject
Project("{FAE04EC0-301F-11D3-BF4B-00C04F79EFBC}") = "UniTask.Editor", "UniTask.Editor.csproj", "{84B4BE3B-A41E-B8E9-37CC-BD763D530D99}"
EndProject
Project("{FAE04EC0-301F-11D3-BF4B-00C04F79EFBC}") = "UnityEngine.SpatialTracking", "UnityEngine.SpatialTracking.csproj", "{EC97E64D-6B4C-AD28-F2AA-57F9A9F041CC}"
EndProject
Project("{FAE04EC0-301F-11D3-BF4B-00C04F79EFBC}") = "UnityEngine.XR.LegacyInputHelpers", "UnityEngine.XR.LegacyInputHelpers.csproj", "{A1EFC9E5-C372-7CFF-95FC-ED2C3D1D8005}"
EndProject
Project("{FAE04EC0-301F-11D3-BF4B-00C04F79EFBC}") = "Unity.InputSystem.DocCodeSamples", "Unity.InputSystem.DocCodeSamples.csproj", "{21AD4FB8-8B48-4844-9A20-0130171AAE7B}"
EndProject
Project("{FAE04EC0-301F-11D3-BF4B-00C04F79EFBC}") = "Sirenix.OdinInspector.Modules.UnityMathematics", "Sirenix.OdinInspector.Modules.UnityMathematics.csproj", "{42D6F044-9763-1707-2D60-4D5407CA8C45}"
EndProject
Project("{FAE04EC0-301F-11D3-BF4B-00C04F79EFBC}") = "Unity.Formats.Fbx.Runtime", "Unity.Formats.Fbx.Runtime.csproj", "{C0C17E4D-0338-D37F-5EAD-732D863DFC24}"
EndProject
Project("{FAE04EC0-301F-11D3-BF4B-00C04F79EFBC}") = "Unity.VisualScripting.DocCodeExamples", "Unity.VisualScripting.DocCodeExamples.csproj", "{E0B2346D-77CC-3566-8937-AAF2372E1B4B}"
EndProject
Project("{FAE04EC0-301F-11D3-BF4B-00C04F79EFBC}") = "Autodesk.Fbx.Editor", "Autodesk.Fbx.Editor.csproj", "{CD6BF368-EA21-6A92-CCF5-14664CECEC8C}"
EndProject
Project("{FAE04EC0-301F-11D3-BF4B-00C04F79EFBC}") = "Unity.PlasticSCM.Editor.Entities", "Unity.PlasticSCM.Editor.Entities.csproj", "{FA73CEB9-077B-B4AB-7B4D-42993C909DD2}"
EndProject
Project("{FAE04EC0-301F-11D3-BF4B-00C04F79EFBC}") = "UnityEditor.SpatialTracking", "UnityEditor.SpatialTracking.csproj", "{E575E490-F59D-788F-5FF9-4662D28FE209}"
EndProject
Project("{FAE04EC0-301F-11D3-BF4B-00C04F79EFBC}") = "UniTask.Addressables", "UniTask.Addressables.csproj", "{0E3AA2C9-5B18-408E-6350-B74A5E2A5674}"
EndProject
Project("{FAE04EC0-301F-11D3-BF4B-00C04F79EFBC}") = "Unity.Collections.Editor", "Unity.Collections.Editor.csproj", "{549B8564-474A-F83E-2174-36BF3FD0958D}"
EndProject
Project("{FAE04EC0-301F-11D3-BF4B-00C04F79EFBC}") = "UniTask.DOTween", "UniTask.DOTween.csproj", "{00162B9D-2D94-D2A5-70C5-D934E626AE7D}"
EndProject
Project("{FAE04EC0-301F-11D3-BF4B-00C04F79EFBC}") = "Autodesk.Fbx.BuildTestAssets", "Autodesk.Fbx.BuildTestAssets.csproj", "{93E840E9-1E4C-A717-BEF9-CCBA22E621F5}"
EndProject
Project("{FAE04EC0-301F-11D3-BF4B-00C04F79EFBC}") = "Unity.Timeline", "Unity.Timeline.Player.csproj", "{D9E13087-B436-B6BF-0C2A-154B47C120FA}"
EndProject
Project("{FAE04EC0-301F-11D3-BF4B-00C04F79EFBC}") = "Unity.Mathematics", "Unity.Mathematics.Player.csproj", "{082A2509-7C26-BFC9-DB89-5D421E9467C7}"
EndProject
Project("{FAE04EC0-301F-11D3-BF4B-00C04F79EFBC}") = "Unity.Collections", "Unity.Collections.Player.csproj", "{65F6323C-D500-7E31-35CC-EFBF0528797B}"
EndProject
Project("{FAE04EC0-301F-11D3-BF4B-00C04F79EFBC}") = "Unity.Burst", "Unity.Burst.Player.csproj", "{B8C5F72D-9B3F-CD6D-BD83-7F9A92FB1A4E}"
EndProject
Project("{FAE04EC0-301F-11D3-BF4B-00C04F79EFBC}") = "Unity.InputSystem", "Unity.InputSystem.Player.csproj", "{8F36AE9A-96D2-8FC5-83F1-C752ABABCAAA}"
EndProject
Project("{FAE04EC0-301F-11D3-BF4B-00C04F79EFBC}") = "Unity.XR.CoreUtils", "Unity.XR.CoreUtils.Player.csproj", "{558CE2C6-9658-D413-BB81-2EFF2ECE9A61}"
EndProject
Project("{FAE04EC0-301F-11D3-BF4B-00C04F79EFBC}") = "UniTask", "UniTask.Player.csproj", "{93E5FD9A-CD97-404E-B5CF-799595089AF5}"
EndProject
Project("{FAE04EC0-301F-11D3-BF4B-00C04F79EFBC}") = "Unity.VisualScripting.Core", "Unity.VisualScripting.Core.Player.csproj", "{6BA7CABC-F9A5-36B0-B0D1-A9F7C15F8EC3}"
EndProject
Project("{FAE04EC0-301F-11D3-BF4B-00C04F79EFBC}") = "com.bmh.core.runtime", "com.bmh.core.runtime.Player.csproj", "{C87E4376-29F1-3347-D643-6D444867EBE3}"
EndProject
Project("{FAE04EC0-301F-11D3-BF4B-00C04F79EFBC}") = "Autodesk.Fbx", "Autodesk.Fbx.Player.csproj", "{028667F3-B009-FE9B-180C-75271513A3C3}"
EndProject
Project("{FAE04EC0-301F-11D3-BF4B-00C04F79EFBC}") = "Unity.VisualScripting.Flow", "Unity.VisualScripting.Flow.Player.csproj", "{A5F85674-5A6F-A907-A19A-0D51BFAC2C5F}"
EndProject
Project("{FAE04EC0-301F-11D3-BF4B-00C04F79EFBC}") = "Unity.PerformanceTesting", "Unity.PerformanceTesting.Player.csproj", "{89018817-8AF1-B3F6-E7D6-E8BFD01440A2}"
EndProject
Project("{FAE04EC0-301F-11D3-BF4B-00C04F79EFBC}") = "UniTask.Linq", "UniTask.Linq.Player.csproj", "{879C3060-F403-C92A-DF19-139E774B7608}"
EndProject
Project("{FAE04EC0-301F-11D3-BF4B-00C04F79EFBC}") = "Assembly-CSharp", "Assembly-CSharp.Player.csproj", "{581FE2B2-FD0C-A3AB-F9DE-C82E54DBE800}"
EndProject
Project("{FAE04EC0-301F-11D3-BF4B-00C04F79EFBC}") = "Unity.VisualScripting.State", "Unity.VisualScripting.State.Player.csproj", "{402C9750-1C84-A72A-A5AA-3C695E8392C3}"
EndProject
Project("{FAE04EC0-301F-11D3-BF4B-00C04F79EFBC}") = "Assembly-CSharp-firstpass", "Assembly-CSharp-firstpass.Player.csproj", "{F7A6C5DE-E836-8EE3-CB6F-A11041E254EF}"
EndProject
Project("{FAE04EC0-301F-11D3-BF4B-00C04F79EFBC}") = "Unity.InputSystem.ForUI", "Unity.InputSystem.ForUI.Player.csproj", "{BCF7EE3E-C346-D197-4204-D2B0FFEDB0E5}"
EndProject
Project("{FAE04EC0-301F-11D3-BF4B-00C04F79EFBC}") = "Unity.XR.Management", "Unity.XR.Management.Player.csproj", "{A480AED0-5287-FFAF-B0E6-B5EB20FA771F}"
EndProject
Project("{FAE04EC0-301F-11D3-BF4B-00C04F79EFBC}") = "UniTask.TextMeshPro", "UniTask.TextMeshPro.Player.csproj", "{B5CFEAB7-B162-46B1-E98F-38D59AA1A06F}"
EndProject
Project("{FAE04EC0-301F-11D3-BF4B-00C04F79EFBC}") = "Unity.InputSystem.TestFramework", "Unity.InputSystem.TestFramework.Player.csproj", "{13E52C19-6997-F96E-BC68-4B6371560D0C}"
EndProject
Project("{FAE04EC0-301F-11D3-BF4B-00C04F79EFBC}") = "UnityEngine.SpatialTracking", "UnityEngine.SpatialTracking.Player.csproj", "{9436A0D6-2182-EDD7-C01B-0084FA88B192}"
EndProject
Project("{FAE04EC0-301F-11D3-BF4B-00C04F79EFBC}") = "UnityEngine.XR.LegacyInputHelpers", "UnityEngine.XR.LegacyInputHelpers.Player.csproj", "{FAC14370-2373-C57B-27AC-CA65F54F67E7}"
EndProject
Project("{FAE04EC0-301F-11D3-BF4B-00C04F79EFBC}") = "Unity.Formats.Fbx.Runtime", "Unity.Formats.Fbx.Runtime.Player.csproj", "{13CBD505-4959-52B5-1656-9AE73623644D}"
EndProject
Project("{FAE04EC0-301F-11D3-BF4B-00C04F79EFBC}") = "Unity.VisualScripting.DocCodeExamples", "Unity.VisualScripting.DocCodeExamples.Player.csproj", "{ED223D52-D9A5-ECFF-726D-7E3722D67636}"
EndProject
Project("{FAE04EC0-301F-11D3-BF4B-00C04F79EFBC}") = "UniTask.Addressables", "UniTask.Addressables.Player.csproj", "{BA871918-4679-46A3-DAF1-42E2C80C0E18}"
EndProject
Project("{FAE04EC0-301F-11D3-BF4B-00C04F79EFBC}") = "UniTask.DOTween", "UniTask.DOTween.Player.csproj", "{97146A40-D3F0-FD42-3090-93B6920D0F3B}"
EndProject
Project("{FAE04EC0-301F-11D3-BF4B-00C04F79EFBC}") = "Autodesk.Fbx.BuildTestAssets", "Autodesk.Fbx.BuildTestAssets.Player.csproj", "{1F455209-A96A-3F6D-97EB-9FF12EF0F19D}"
EndProject
Global
	GlobalSection(SolutionConfigurationPlatforms) = preSolution
		Debug|Any CPU = Debug|Any CPU
		Release|Any CPU = Release|Any CPU
	EndGlobalSection
	GlobalSection(ProjectConfigurationPlatforms) = postSolution
		{FA5C267A-9118-9E0B-AFF8-6C965872B790}.Debug|Any CPU.ActiveCfg = Debug|Any CPU
		{FA5C267A-9118-9E0B-AFF8-6C965872B790}.Debug|Any CPU.Build.0 = Debug|Any CPU
		{FA5C267A-9118-9E0B-AFF8-6C965872B790}.Release|Any CPU.ActiveCfg = Release|Any CPU
		{FA5C267A-9118-9E0B-AFF8-6C965872B790}.Release|Any CPU.Build.0 = Release|Any CPU
		{A77B6BC1-EE96-7B0F-782B-CCF62057463B}.Debug|Any CPU.ActiveCfg = Debug|Any CPU
		{A77B6BC1-EE96-7B0F-782B-CCF62057463B}.Debug|Any CPU.Build.0 = Debug|Any CPU
		{A77B6BC1-EE96-7B0F-782B-CCF62057463B}.Release|Any CPU.ActiveCfg = Release|Any CPU
		{A77B6BC1-EE96-7B0F-782B-CCF62057463B}.Release|Any CPU.Build.0 = Release|Any CPU
		{3F5102D5-4437-07B4-D381-713B41F4BF17}.Debug|Any CPU.ActiveCfg = Debug|Any CPU
		{3F5102D5-4437-07B4-D381-713B41F4BF17}.Debug|Any CPU.Build.0 = Debug|Any CPU
		{3F5102D5-4437-07B4-D381-713B41F4BF17}.Release|Any CPU.ActiveCfg = Release|Any CPU
		{3F5102D5-4437-07B4-D381-713B41F4BF17}.Release|Any CPU.Build.0 = Release|Any CPU
		{FEF52DB0-861E-4845-E13A-92065C6339AC}.Debug|Any CPU.ActiveCfg = Debug|Any CPU
		{FEF52DB0-861E-4845-E13A-92065C6339AC}.Debug|Any CPU.Build.0 = Debug|Any CPU
		{FEF52DB0-861E-4845-E13A-92065C6339AC}.Release|Any CPU.ActiveCfg = Release|Any CPU
		{FEF52DB0-861E-4845-E13A-92065C6339AC}.Release|Any CPU.Build.0 = Release|Any CPU
		{8A4BFECD-D76F-AF08-187A-F8E8B3C730C5}.Debug|Any CPU.ActiveCfg = Debug|Any CPU
		{8A4BFECD-D76F-AF08-187A-F8E8B3C730C5}.Debug|Any CPU.Build.0 = Debug|Any CPU
		{8A4BFECD-D76F-AF08-187A-F8E8B3C730C5}.Release|Any CPU.ActiveCfg = Release|Any CPU
		{8A4BFECD-D76F-AF08-187A-F8E8B3C730C5}.Release|Any CPU.Build.0 = Release|Any CPU
		{10ED20A2-1A66-5C89-DC57-32CB0F59A31C}.Debug|Any CPU.ActiveCfg = Debug|Any CPU
		{10ED20A2-1A66-5C89-DC57-32CB0F59A31C}.Debug|Any CPU.Build.0 = Debug|Any CPU
		{10ED20A2-1A66-5C89-DC57-32CB0F59A31C}.Release|Any CPU.ActiveCfg = Release|Any CPU
		{10ED20A2-1A66-5C89-DC57-32CB0F59A31C}.Release|Any CPU.Build.0 = Release|Any CPU
		{CB66D8D6-DAE9-5F83-926E-E41A306C33DC}.Debug|Any CPU.ActiveCfg = Debug|Any CPU
		{CB66D8D6-DAE9-5F83-926E-E41A306C33DC}.Debug|Any CPU.Build.0 = Debug|Any CPU
		{CB66D8D6-DAE9-5F83-926E-E41A306C33DC}.Release|Any CPU.ActiveCfg = Release|Any CPU
		{CB66D8D6-DAE9-5F83-926E-E41A306C33DC}.Release|Any CPU.Build.0 = Release|Any CPU
		{A5E46A1A-B12B-BE7B-3A0A-AB704F3EB56D}.Debug|Any CPU.ActiveCfg = Debug|Any CPU
		{A5E46A1A-B12B-BE7B-3A0A-AB704F3EB56D}.Debug|Any CPU.Build.0 = Debug|Any CPU
		{A5E46A1A-B12B-BE7B-3A0A-AB704F3EB56D}.Release|Any CPU.ActiveCfg = Release|Any CPU
		{A5E46A1A-B12B-BE7B-3A0A-AB704F3EB56D}.Release|Any CPU.Build.0 = Release|Any CPU
		{597CC323-2913-28EA-9C5F-EB178B48EF2A}.Debug|Any CPU.ActiveCfg = Debug|Any CPU
		{597CC323-2913-28EA-9C5F-EB178B48EF2A}.Debug|Any CPU.Build.0 = Debug|Any CPU
		{597CC323-2913-28EA-9C5F-EB178B48EF2A}.Release|Any CPU.ActiveCfg = Release|Any CPU
		{597CC323-2913-28EA-9C5F-EB178B48EF2A}.Release|Any CPU.Build.0 = Release|Any CPU
		{B2CDDA95-2F1D-9FA2-4160-0A221AB9A582}.Debug|Any CPU.ActiveCfg = Debug|Any CPU
		{B2CDDA95-2F1D-9FA2-4160-0A221AB9A582}.Debug|Any CPU.Build.0 = Debug|Any CPU
		{B2CDDA95-2F1D-9FA2-4160-0A221AB9A582}.Release|Any CPU.ActiveCfg = Release|Any CPU
		{B2CDDA95-2F1D-9FA2-4160-0A221AB9A582}.Release|Any CPU.Build.0 = Release|Any CPU
		{9207639A-AE44-9EE7-6067-16A7EE0D29B9}.Debug|Any CPU.ActiveCfg = Debug|Any CPU
		{9207639A-AE44-9EE7-6067-16A7EE0D29B9}.Debug|Any CPU.Build.0 = Debug|Any CPU
		{9207639A-AE44-9EE7-6067-16A7EE0D29B9}.Release|Any CPU.ActiveCfg = Release|Any CPU
		{9207639A-AE44-9EE7-6067-16A7EE0D29B9}.Release|Any CPU.Build.0 = Release|Any CPU
		{F7582DCB-EBB6-E1E9-506A-E42D37256FDF}.Debug|Any CPU.ActiveCfg = Debug|Any CPU
		{F7582DCB-EBB6-E1E9-506A-E42D37256FDF}.Debug|Any CPU.Build.0 = Debug|Any CPU
		{F7582DCB-EBB6-E1E9-506A-E42D37256FDF}.Release|Any CPU.ActiveCfg = Release|Any CPU
		{F7582DCB-EBB6-E1E9-506A-E42D37256FDF}.Release|Any CPU.Build.0 = Release|Any CPU
		{00C7D639-A295-85B1-A155-011C5778F844}.Debug|Any CPU.ActiveCfg = Debug|Any CPU
		{00C7D639-A295-85B1-A155-011C5778F844}.Debug|Any CPU.Build.0 = Debug|Any CPU
		{00C7D639-A295-85B1-A155-011C5778F844}.Release|Any CPU.ActiveCfg = Release|Any CPU
		{00C7D639-A295-85B1-A155-011C5778F844}.Release|Any CPU.Build.0 = Release|Any CPU
		{70B0CA5C-2B34-F768-517C-E19CB344E757}.Debug|Any CPU.ActiveCfg = Debug|Any CPU
		{70B0CA5C-2B34-F768-517C-E19CB344E757}.Debug|Any CPU.Build.0 = Debug|Any CPU
		{70B0CA5C-2B34-F768-517C-E19CB344E757}.Release|Any CPU.ActiveCfg = Release|Any CPU
		{70B0CA5C-2B34-F768-517C-E19CB344E757}.Release|Any CPU.Build.0 = Release|Any CPU
		{D6F8749D-0139-BD95-180E-D8C24F29780F}.Debug|Any CPU.ActiveCfg = Debug|Any CPU
		{D6F8749D-0139-BD95-180E-D8C24F29780F}.Debug|Any CPU.Build.0 = Debug|Any CPU
		{D6F8749D-0139-BD95-180E-D8C24F29780F}.Release|Any CPU.ActiveCfg = Release|Any CPU
		{D6F8749D-0139-BD95-180E-D8C24F29780F}.Release|Any CPU.Build.0 = Release|Any CPU
		{FDF911C1-D529-38AB-2464-EADF98A59FBA}.Debug|Any CPU.ActiveCfg = Debug|Any CPU
		{FDF911C1-D529-38AB-2464-EADF98A59FBA}.Debug|Any CPU.Build.0 = Debug|Any CPU
		{FDF911C1-D529-38AB-2464-EADF98A59FBA}.Release|Any CPU.ActiveCfg = Release|Any CPU
		{FDF911C1-D529-38AB-2464-EADF98A59FBA}.Release|Any CPU.Build.0 = Release|Any CPU
		{EC7B23B3-9BD1-595D-710F-ECE5A89754AD}.Debug|Any CPU.ActiveCfg = Debug|Any CPU
		{EC7B23B3-9BD1-595D-710F-ECE5A89754AD}.Debug|Any CPU.Build.0 = Debug|Any CPU
		{EC7B23B3-9BD1-595D-710F-ECE5A89754AD}.Release|Any CPU.ActiveCfg = Release|Any CPU
		{EC7B23B3-9BD1-595D-710F-ECE5A89754AD}.Release|Any CPU.Build.0 = Release|Any CPU
		{0FD6616B-7082-EE9C-E96F-E2F53D67AA6F}.Debug|Any CPU.ActiveCfg = Debug|Any CPU
		{0FD6616B-7082-EE9C-E96F-E2F53D67AA6F}.Debug|Any CPU.Build.0 = Debug|Any CPU
		{0FD6616B-7082-EE9C-E96F-E2F53D67AA6F}.Release|Any CPU.ActiveCfg = Release|Any CPU
		{0FD6616B-7082-EE9C-E96F-E2F53D67AA6F}.Release|Any CPU.Build.0 = Release|Any CPU
		{AB61A207-88E6-9376-4468-5C13C658FBC1}.Debug|Any CPU.ActiveCfg = Debug|Any CPU
		{AB61A207-88E6-9376-4468-5C13C658FBC1}.Debug|Any CPU.Build.0 = Debug|Any CPU
		{AB61A207-88E6-9376-4468-5C13C658FBC1}.Release|Any CPU.ActiveCfg = Release|Any CPU
		{AB61A207-88E6-9376-4468-5C13C658FBC1}.Release|Any CPU.Build.0 = Release|Any CPU
		{70C0F4B0-CE58-D125-2028-81D71084E4B0}.Debug|Any CPU.ActiveCfg = Debug|Any CPU
		{70C0F4B0-CE58-D125-2028-81D71084E4B0}.Debug|Any CPU.Build.0 = Debug|Any CPU
		{70C0F4B0-CE58-D125-2028-81D71084E4B0}.Release|Any CPU.ActiveCfg = Release|Any CPU
		{70C0F4B0-CE58-D125-2028-81D71084E4B0}.Release|Any CPU.Build.0 = Release|Any CPU
		{64800E4F-B910-EFDC-F882-F3414E919537}.Debug|Any CPU.ActiveCfg = Debug|Any CPU
		{64800E4F-B910-EFDC-F882-F3414E919537}.Debug|Any CPU.Build.0 = Debug|Any CPU
		{64800E4F-B910-EFDC-F882-F3414E919537}.Release|Any CPU.ActiveCfg = Release|Any CPU
		{64800E4F-B910-EFDC-F882-F3414E919537}.Release|Any CPU.Build.0 = Release|Any CPU
		{40D37435-6685-D526-CE39-03CC881F36E6}.Debug|Any CPU.ActiveCfg = Debug|Any CPU
		{40D37435-6685-D526-CE39-03CC881F36E6}.Debug|Any CPU.Build.0 = Debug|Any CPU
		{40D37435-6685-D526-CE39-03CC881F36E6}.Release|Any CPU.ActiveCfg = Release|Any CPU
		{40D37435-6685-D526-CE39-03CC881F36E6}.Release|Any CPU.Build.0 = Release|Any CPU
		{FE27124E-57C2-7ADF-5D51-88773BB9BE2D}.Debug|Any CPU.ActiveCfg = Debug|Any CPU
		{FE27124E-57C2-7ADF-5D51-88773BB9BE2D}.Debug|Any CPU.Build.0 = Debug|Any CPU
		{FE27124E-57C2-7ADF-5D51-88773BB9BE2D}.Release|Any CPU.ActiveCfg = Release|Any CPU
		{FE27124E-57C2-7ADF-5D51-88773BB9BE2D}.Release|Any CPU.Build.0 = Release|Any CPU
		{8E87DC75-B3C5-3B0E-9CCF-6BE694259AE9}.Debug|Any CPU.ActiveCfg = Debug|Any CPU
		{8E87DC75-B3C5-3B0E-9CCF-6BE694259AE9}.Debug|Any CPU.Build.0 = Debug|Any CPU
		{8E87DC75-B3C5-3B0E-9CCF-6BE694259AE9}.Release|Any CPU.ActiveCfg = Release|Any CPU
		{8E87DC75-B3C5-3B0E-9CCF-6BE694259AE9}.Release|Any CPU.Build.0 = Release|Any CPU
		{D2EA0C57-5D9C-0B39-D869-8F33B8307264}.Debug|Any CPU.ActiveCfg = Debug|Any CPU
		{D2EA0C57-5D9C-0B39-D869-8F33B8307264}.Debug|Any CPU.Build.0 = Debug|Any CPU
		{D2EA0C57-5D9C-0B39-D869-8F33B8307264}.Release|Any CPU.ActiveCfg = Release|Any CPU
		{D2EA0C57-5D9C-0B39-D869-8F33B8307264}.Release|Any CPU.Build.0 = Release|Any CPU
		{40A16F8B-4611-471E-6CE4-0C467B7FCA0E}.Debug|Any CPU.ActiveCfg = Debug|Any CPU
		{40A16F8B-4611-471E-6CE4-0C467B7FCA0E}.Debug|Any CPU.Build.0 = Debug|Any CPU
		{40A16F8B-4611-471E-6CE4-0C467B7FCA0E}.Release|Any CPU.ActiveCfg = Release|Any CPU
		{40A16F8B-4611-471E-6CE4-0C467B7FCA0E}.Release|Any CPU.Build.0 = Release|Any CPU
		{7B27431D-1F73-FE68-DCDD-BCC171054F5F}.Debug|Any CPU.ActiveCfg = Debug|Any CPU
		{7B27431D-1F73-FE68-DCDD-BCC171054F5F}.Debug|Any CPU.Build.0 = Debug|Any CPU
		{7B27431D-1F73-FE68-DCDD-BCC171054F5F}.Release|Any CPU.ActiveCfg = Release|Any CPU
		{7B27431D-1F73-FE68-DCDD-BCC171054F5F}.Release|Any CPU.Build.0 = Release|Any CPU
		{5D3A7945-A47F-9B0E-100B-7CA1E685AE05}.Debug|Any CPU.ActiveCfg = Debug|Any CPU
		{5D3A7945-A47F-9B0E-100B-7CA1E685AE05}.Debug|Any CPU.Build.0 = Debug|Any CPU
		{5D3A7945-A47F-9B0E-100B-7CA1E685AE05}.Release|Any CPU.ActiveCfg = Release|Any CPU
		{5D3A7945-A47F-9B0E-100B-7CA1E685AE05}.Release|Any CPU.Build.0 = Release|Any CPU
		{D6C8F198-453F-A619-CDF1-2DCC825C5E78}.Debug|Any CPU.ActiveCfg = Debug|Any CPU
		{D6C8F198-453F-A619-CDF1-2DCC825C5E78}.Debug|Any CPU.Build.0 = Debug|Any CPU
		{D6C8F198-453F-A619-CDF1-2DCC825C5E78}.Release|Any CPU.ActiveCfg = Release|Any CPU
		{D6C8F198-453F-A619-CDF1-2DCC825C5E78}.Release|Any CPU.Build.0 = Release|Any CPU
		{8E74B45E-7CC0-352D-ECE7-3750023AAC33}.Debug|Any CPU.ActiveCfg = Debug|Any CPU
		{8E74B45E-7CC0-352D-ECE7-3750023AAC33}.Debug|Any CPU.Build.0 = Debug|Any CPU
		{8E74B45E-7CC0-352D-ECE7-3750023AAC33}.Release|Any CPU.ActiveCfg = Release|Any CPU
		{8E74B45E-7CC0-352D-ECE7-3750023AAC33}.Release|Any CPU.Build.0 = Release|Any CPU
		{39F0DB54-AD6D-3517-FF97-A76793D793AF}.Debug|Any CPU.ActiveCfg = Debug|Any CPU
		{39F0DB54-AD6D-3517-FF97-A76793D793AF}.Debug|Any CPU.Build.0 = Debug|Any CPU
		{39F0DB54-AD6D-3517-FF97-A76793D793AF}.Release|Any CPU.ActiveCfg = Release|Any CPU
		{39F0DB54-AD6D-3517-FF97-A76793D793AF}.Release|Any CPU.Build.0 = Release|Any CPU
		{2B8DCBD8-7D43-5C1C-D77D-6FC4B3E24CD4}.Debug|Any CPU.ActiveCfg = Debug|Any CPU
		{2B8DCBD8-7D43-5C1C-D77D-6FC4B3E24CD4}.Debug|Any CPU.Build.0 = Debug|Any CPU
		{2B8DCBD8-7D43-5C1C-D77D-6FC4B3E24CD4}.Release|Any CPU.ActiveCfg = Release|Any CPU
		{2B8DCBD8-7D43-5C1C-D77D-6FC4B3E24CD4}.Release|Any CPU.Build.0 = Release|Any CPU
		{35C83087-8F4F-769E-08C8-1F451BD20742}.Debug|Any CPU.ActiveCfg = Debug|Any CPU
		{35C83087-8F4F-769E-08C8-1F451BD20742}.Debug|Any CPU.Build.0 = Debug|Any CPU
		{35C83087-8F4F-769E-08C8-1F451BD20742}.Release|Any CPU.ActiveCfg = Release|Any CPU
		{35C83087-8F4F-769E-08C8-1F451BD20742}.Release|Any CPU.Build.0 = Release|Any CPU
		{9A2149BF-79F3-85B9-E8B4-C08F5473901D}.Debug|Any CPU.ActiveCfg = Debug|Any CPU
		{9A2149BF-79F3-85B9-E8B4-C08F5473901D}.Debug|Any CPU.Build.0 = Debug|Any CPU
		{9A2149BF-79F3-85B9-E8B4-C08F5473901D}.Release|Any CPU.ActiveCfg = Release|Any CPU
		{9A2149BF-79F3-85B9-E8B4-C08F5473901D}.Release|Any CPU.Build.0 = Release|Any CPU
		{802E69BE-5A0E-900A-C2A9-F9CFE4F13905}.Debug|Any CPU.ActiveCfg = Debug|Any CPU
		{802E69BE-5A0E-900A-C2A9-F9CFE4F13905}.Debug|Any CPU.Build.0 = Debug|Any CPU
		{802E69BE-5A0E-900A-C2A9-F9CFE4F13905}.Release|Any CPU.ActiveCfg = Release|Any CPU
		{802E69BE-5A0E-900A-C2A9-F9CFE4F13905}.Release|Any CPU.Build.0 = Release|Any CPU
		{9B59AF7D-7004-74FC-E717-26CBD1432C19}.Debug|Any CPU.ActiveCfg = Debug|Any CPU
		{9B59AF7D-7004-74FC-E717-26CBD1432C19}.Debug|Any CPU.Build.0 = Debug|Any CPU
		{9B59AF7D-7004-74FC-E717-26CBD1432C19}.Release|Any CPU.ActiveCfg = Release|Any CPU
		{9B59AF7D-7004-74FC-E717-26CBD1432C19}.Release|Any CPU.Build.0 = Release|Any CPU
		{CD369BA7-A5A5-FCF4-A443-7CE197604740}.Debug|Any CPU.ActiveCfg = Debug|Any CPU
		{CD369BA7-A5A5-FCF4-A443-7CE197604740}.Debug|Any CPU.Build.0 = Debug|Any CPU
		{CD369BA7-A5A5-FCF4-A443-7CE197604740}.Release|Any CPU.ActiveCfg = Release|Any CPU
		{CD369BA7-A5A5-FCF4-A443-7CE197604740}.Release|Any CPU.Build.0 = Release|Any CPU
		{6CEA2354-8E1C-5942-E5C3-AA16FB1D75C9}.Debug|Any CPU.ActiveCfg = Debug|Any CPU
		{6CEA2354-8E1C-5942-E5C3-AA16FB1D75C9}.Debug|Any CPU.Build.0 = Debug|Any CPU
		{6CEA2354-8E1C-5942-E5C3-AA16FB1D75C9}.Release|Any CPU.ActiveCfg = Release|Any CPU
		{6CEA2354-8E1C-5942-E5C3-AA16FB1D75C9}.Release|Any CPU.Build.0 = Release|Any CPU
		{0591DAC7-695E-D679-F4D5-2B4CC2081EA5}.Debug|Any CPU.ActiveCfg = Debug|Any CPU
		{0591DAC7-695E-D679-F4D5-2B4CC2081EA5}.Debug|Any CPU.Build.0 = Debug|Any CPU
		{0591DAC7-695E-D679-F4D5-2B4CC2081EA5}.Release|Any CPU.ActiveCfg = Release|Any CPU
		{0591DAC7-695E-D679-F4D5-2B4CC2081EA5}.Release|Any CPU.Build.0 = Release|Any CPU
		{0EC23E89-0065-59C4-0A64-3AF929E1B3AE}.Debug|Any CPU.ActiveCfg = Debug|Any CPU
		{0EC23E89-0065-59C4-0A64-3AF929E1B3AE}.Debug|Any CPU.Build.0 = Debug|Any CPU
		{0EC23E89-0065-59C4-0A64-3AF929E1B3AE}.Release|Any CPU.ActiveCfg = Release|Any CPU
		{0EC23E89-0065-59C4-0A64-3AF929E1B3AE}.Release|Any CPU.Build.0 = Release|Any CPU
		{4CBFB381-BF13-DFD8-4A28-E65767003F98}.Debug|Any CPU.ActiveCfg = Debug|Any CPU
		{4CBFB381-BF13-DFD8-4A28-E65767003F98}.Debug|Any CPU.Build.0 = Debug|Any CPU
		{4CBFB381-BF13-DFD8-4A28-E65767003F98}.Release|Any CPU.ActiveCfg = Release|Any CPU
		{4CBFB381-BF13-DFD8-4A28-E65767003F98}.Release|Any CPU.Build.0 = Release|Any CPU
		{3A885587-BD3B-9753-FD86-DB10B6CDABA9}.Debug|Any CPU.ActiveCfg = Debug|Any CPU
		{3A885587-BD3B-9753-FD86-DB10B6CDABA9}.Debug|Any CPU.Build.0 = Debug|Any CPU
		{3A885587-BD3B-9753-FD86-DB10B6CDABA9}.Release|Any CPU.ActiveCfg = Release|Any CPU
		{3A885587-BD3B-9753-FD86-DB10B6CDABA9}.Release|Any CPU.Build.0 = Release|Any CPU
		{32196490-78CC-7192-9FED-FA080E9C4AC8}.Debug|Any CPU.ActiveCfg = Debug|Any CPU
		{32196490-78CC-7192-9FED-FA080E9C4AC8}.Debug|Any CPU.Build.0 = Debug|Any CPU
		{32196490-78CC-7192-9FED-FA080E9C4AC8}.Release|Any CPU.ActiveCfg = Release|Any CPU
		{32196490-78CC-7192-9FED-FA080E9C4AC8}.Release|Any CPU.Build.0 = Release|Any CPU
		{A9FA60D3-660D-486E-C4CD-7A13A8089619}.Debug|Any CPU.ActiveCfg = Debug|Any CPU
		{A9FA60D3-660D-486E-C4CD-7A13A8089619}.Debug|Any CPU.Build.0 = Debug|Any CPU
		{A9FA60D3-660D-486E-C4CD-7A13A8089619}.Release|Any CPU.ActiveCfg = Release|Any CPU
		{A9FA60D3-660D-486E-C4CD-7A13A8089619}.Release|Any CPU.Build.0 = Release|Any CPU
		{974640D9-C00C-66D8-D9D2-A650D748ECC8}.Debug|Any CPU.ActiveCfg = Debug|Any CPU
		{974640D9-C00C-66D8-D9D2-A650D748ECC8}.Debug|Any CPU.Build.0 = Debug|Any CPU
		{974640D9-C00C-66D8-D9D2-A650D748ECC8}.Release|Any CPU.ActiveCfg = Release|Any CPU
		{974640D9-C00C-66D8-D9D2-A650D748ECC8}.Release|Any CPU.Build.0 = Release|Any CPU
		{CE66B9D2-C129-4882-16CB-BF127FD01538}.Debug|Any CPU.ActiveCfg = Debug|Any CPU
		{CE66B9D2-C129-4882-16CB-BF127FD01538}.Debug|Any CPU.Build.0 = Debug|Any CPU
		{CE66B9D2-C129-4882-16CB-BF127FD01538}.Release|Any CPU.ActiveCfg = Release|Any CPU
		{CE66B9D2-C129-4882-16CB-BF127FD01538}.Release|Any CPU.Build.0 = Release|Any CPU
		{8B4F240F-B448-5891-BD51-5884D8C2CC56}.Debug|Any CPU.ActiveCfg = Debug|Any CPU
		{8B4F240F-B448-5891-BD51-5884D8C2CC56}.Debug|Any CPU.Build.0 = Debug|Any CPU
		{8B4F240F-B448-5891-BD51-5884D8C2CC56}.Release|Any CPU.ActiveCfg = Release|Any CPU
		{8B4F240F-B448-5891-BD51-5884D8C2CC56}.Release|Any CPU.Build.0 = Release|Any CPU
		{AC77E580-88F9-7B27-EFAC-2B1F036DE221}.Debug|Any CPU.ActiveCfg = Debug|Any CPU
		{AC77E580-88F9-7B27-EFAC-2B1F036DE221}.Debug|Any CPU.Build.0 = Debug|Any CPU
		{AC77E580-88F9-7B27-EFAC-2B1F036DE221}.Release|Any CPU.ActiveCfg = Release|Any CPU
		{AC77E580-88F9-7B27-EFAC-2B1F036DE221}.Release|Any CPU.Build.0 = Release|Any CPU
		{2BB0A231-1D9C-1CB9-32C9-1E238832D346}.Debug|Any CPU.ActiveCfg = Debug|Any CPU
		{2BB0A231-1D9C-1CB9-32C9-1E238832D346}.Debug|Any CPU.Build.0 = Debug|Any CPU
		{2BB0A231-1D9C-1CB9-32C9-1E238832D346}.Release|Any CPU.ActiveCfg = Release|Any CPU
		{2BB0A231-1D9C-1CB9-32C9-1E238832D346}.Release|Any CPU.Build.0 = Release|Any CPU
		{84B4BE3B-A41E-B8E9-37CC-BD763D530D99}.Debug|Any CPU.ActiveCfg = Debug|Any CPU
		{84B4BE3B-A41E-B8E9-37CC-BD763D530D99}.Debug|Any CPU.Build.0 = Debug|Any CPU
		{84B4BE3B-A41E-B8E9-37CC-BD763D530D99}.Release|Any CPU.ActiveCfg = Release|Any CPU
		{84B4BE3B-A41E-B8E9-37CC-BD763D530D99}.Release|Any CPU.Build.0 = Release|Any CPU
		{EC97E64D-6B4C-AD28-F2AA-57F9A9F041CC}.Debug|Any CPU.ActiveCfg = Debug|Any CPU
		{EC97E64D-6B4C-AD28-F2AA-57F9A9F041CC}.Debug|Any CPU.Build.0 = Debug|Any CPU
		{EC97E64D-6B4C-AD28-F2AA-57F9A9F041CC}.Release|Any CPU.ActiveCfg = Release|Any CPU
		{EC97E64D-6B4C-AD28-F2AA-57F9A9F041CC}.Release|Any CPU.Build.0 = Release|Any CPU
		{A1EFC9E5-C372-7CFF-95FC-ED2C3D1D8005}.Debug|Any CPU.ActiveCfg = Debug|Any CPU
		{A1EFC9E5-C372-7CFF-95FC-ED2C3D1D8005}.Debug|Any CPU.Build.0 = Debug|Any CPU
		{A1EFC9E5-C372-7CFF-95FC-ED2C3D1D8005}.Release|Any CPU.ActiveCfg = Release|Any CPU
		{A1EFC9E5-C372-7CFF-95FC-ED2C3D1D8005}.Release|Any CPU.Build.0 = Release|Any CPU
		{21AD4FB8-8B48-4844-9A20-0130171AAE7B}.Debug|Any CPU.ActiveCfg = Debug|Any CPU
		{21AD4FB8-8B48-4844-9A20-0130171AAE7B}.Debug|Any CPU.Build.0 = Debug|Any CPU
		{21AD4FB8-8B48-4844-9A20-0130171AAE7B}.Release|Any CPU.ActiveCfg = Release|Any CPU
		{21AD4FB8-8B48-4844-9A20-0130171AAE7B}.Release|Any CPU.Build.0 = Release|Any CPU
		{42D6F044-9763-1707-2D60-4D5407CA8C45}.Debug|Any CPU.ActiveCfg = Debug|Any CPU
		{42D6F044-9763-1707-2D60-4D5407CA8C45}.Debug|Any CPU.Build.0 = Debug|Any CPU
		{42D6F044-9763-1707-2D60-4D5407CA8C45}.Release|Any CPU.ActiveCfg = Release|Any CPU
		{42D6F044-9763-1707-2D60-4D5407CA8C45}.Release|Any CPU.Build.0 = Release|Any CPU
		{C0C17E4D-0338-D37F-5EAD-732D863DFC24}.Debug|Any CPU.ActiveCfg = Debug|Any CPU
		{C0C17E4D-0338-D37F-5EAD-732D863DFC24}.Debug|Any CPU.Build.0 = Debug|Any CPU
		{C0C17E4D-0338-D37F-5EAD-732D863DFC24}.Release|Any CPU.ActiveCfg = Release|Any CPU
		{C0C17E4D-0338-D37F-5EAD-732D863DFC24}.Release|Any CPU.Build.0 = Release|Any CPU
		{E0B2346D-77CC-3566-8937-AAF2372E1B4B}.Debug|Any CPU.ActiveCfg = Debug|Any CPU
		{E0B2346D-77CC-3566-8937-AAF2372E1B4B}.Debug|Any CPU.Build.0 = Debug|Any CPU
		{E0B2346D-77CC-3566-8937-AAF2372E1B4B}.Release|Any CPU.ActiveCfg = Release|Any CPU
		{E0B2346D-77CC-3566-8937-AAF2372E1B4B}.Release|Any CPU.Build.0 = Release|Any CPU
		{CD6BF368-EA21-6A92-CCF5-14664CECEC8C}.Debug|Any CPU.ActiveCfg = Debug|Any CPU
		{CD6BF368-EA21-6A92-CCF5-14664CECEC8C}.Debug|Any CPU.Build.0 = Debug|Any CPU
		{CD6BF368-EA21-6A92-CCF5-14664CECEC8C}.Release|Any CPU.ActiveCfg = Release|Any CPU
		{CD6BF368-EA21-6A92-CCF5-14664CECEC8C}.Release|Any CPU.Build.0 = Release|Any CPU
		{FA73CEB9-077B-B4AB-7B4D-42993C909DD2}.Debug|Any CPU.ActiveCfg = Debug|Any CPU
		{FA73CEB9-077B-B4AB-7B4D-42993C909DD2}.Debug|Any CPU.Build.0 = Debug|Any CPU
		{FA73CEB9-077B-B4AB-7B4D-42993C909DD2}.Release|Any CPU.ActiveCfg = Release|Any CPU
		{FA73CEB9-077B-B4AB-7B4D-42993C909DD2}.Release|Any CPU.Build.0 = Release|Any CPU
		{E575E490-F59D-788F-5FF9-4662D28FE209}.Debug|Any CPU.ActiveCfg = Debug|Any CPU
		{E575E490-F59D-788F-5FF9-4662D28FE209}.Debug|Any CPU.Build.0 = Debug|Any CPU
		{E575E490-F59D-788F-5FF9-4662D28FE209}.Release|Any CPU.ActiveCfg = Release|Any CPU
		{E575E490-F59D-788F-5FF9-4662D28FE209}.Release|Any CPU.Build.0 = Release|Any CPU
		{0E3AA2C9-5B18-408E-6350-B74A5E2A5674}.Debug|Any CPU.ActiveCfg = Debug|Any CPU
		{0E3AA2C9-5B18-408E-6350-B74A5E2A5674}.Debug|Any CPU.Build.0 = Debug|Any CPU
		{0E3AA2C9-5B18-408E-6350-B74A5E2A5674}.Release|Any CPU.ActiveCfg = Release|Any CPU
		{0E3AA2C9-5B18-408E-6350-B74A5E2A5674}.Release|Any CPU.Build.0 = Release|Any CPU
		{549B8564-474A-F83E-2174-36BF3FD0958D}.Debug|Any CPU.ActiveCfg = Debug|Any CPU
		{549B8564-474A-F83E-2174-36BF3FD0958D}.Debug|Any CPU.Build.0 = Debug|Any CPU
		{549B8564-474A-F83E-2174-36BF3FD0958D}.Release|Any CPU.ActiveCfg = Release|Any CPU
		{549B8564-474A-F83E-2174-36BF3FD0958D}.Release|Any CPU.Build.0 = Release|Any CPU
		{00162B9D-2D94-D2A5-70C5-D934E626AE7D}.Debug|Any CPU.ActiveCfg = Debug|Any CPU
		{00162B9D-2D94-D2A5-70C5-D934E626AE7D}.Debug|Any CPU.Build.0 = Debug|Any CPU
		{00162B9D-2D94-D2A5-70C5-D934E626AE7D}.Release|Any CPU.ActiveCfg = Release|Any CPU
		{00162B9D-2D94-D2A5-70C5-D934E626AE7D}.Release|Any CPU.Build.0 = Release|Any CPU
		{93E840E9-1E4C-A717-BEF9-CCBA22E621F5}.Debug|Any CPU.ActiveCfg = Debug|Any CPU
		{93E840E9-1E4C-A717-BEF9-CCBA22E621F5}.Debug|Any CPU.Build.0 = Debug|Any CPU
		{93E840E9-1E4C-A717-BEF9-CCBA22E621F5}.Release|Any CPU.ActiveCfg = Release|Any CPU
		{93E840E9-1E4C-A717-BEF9-CCBA22E621F5}.Release|Any CPU.Build.0 = Release|Any CPU
		{D9E13087-B436-B6BF-0C2A-154B47C120FA}.Debug|Any CPU.ActiveCfg = Debug|Any CPU
		{D9E13087-B436-B6BF-0C2A-154B47C120FA}.Debug|Any CPU.Build.0 = Debug|Any CPU
		{D9E13087-B436-B6BF-0C2A-154B47C120FA}.Release|Any CPU.ActiveCfg = Release|Any CPU
		{D9E13087-B436-B6BF-0C2A-154B47C120FA}.Release|Any CPU.Build.0 = Release|Any CPU
		{082A2509-7C26-BFC9-DB89-5D421E9467C7}.Debug|Any CPU.ActiveCfg = Debug|Any CPU
		{082A2509-7C26-BFC9-DB89-5D421E9467C7}.Debug|Any CPU.Build.0 = Debug|Any CPU
		{082A2509-7C26-BFC9-DB89-5D421E9467C7}.Release|Any CPU.ActiveCfg = Release|Any CPU
		{082A2509-7C26-BFC9-DB89-5D421E9467C7}.Release|Any CPU.Build.0 = Release|Any CPU
		{65F6323C-D500-7E31-35CC-EFBF0528797B}.Debug|Any CPU.ActiveCfg = Debug|Any CPU
		{65F6323C-D500-7E31-35CC-EFBF0528797B}.Debug|Any CPU.Build.0 = Debug|Any CPU
		{65F6323C-D500-7E31-35CC-EFBF0528797B}.Release|Any CPU.ActiveCfg = Release|Any CPU
		{65F6323C-D500-7E31-35CC-EFBF0528797B}.Release|Any CPU.Build.0 = Release|Any CPU
		{B8C5F72D-9B3F-CD6D-BD83-7F9A92FB1A4E}.Debug|Any CPU.ActiveCfg = Debug|Any CPU
		{B8C5F72D-9B3F-CD6D-BD83-7F9A92FB1A4E}.Debug|Any CPU.Build.0 = Debug|Any CPU
		{B8C5F72D-9B3F-CD6D-BD83-7F9A92FB1A4E}.Release|Any CPU.ActiveCfg = Release|Any CPU
		{B8C5F72D-9B3F-CD6D-BD83-7F9A92FB1A4E}.Release|Any CPU.Build.0 = Release|Any CPU
		{8F36AE9A-96D2-8FC5-83F1-C752ABABCAAA}.Debug|Any CPU.ActiveCfg = Debug|Any CPU
		{8F36AE9A-96D2-8FC5-83F1-C752ABABCAAA}.Debug|Any CPU.Build.0 = Debug|Any CPU
		{8F36AE9A-96D2-8FC5-83F1-C752ABABCAAA}.Release|Any CPU.ActiveCfg = Release|Any CPU
		{8F36AE9A-96D2-8FC5-83F1-C752ABABCAAA}.Release|Any CPU.Build.0 = Release|Any CPU
		{558CE2C6-9658-D413-BB81-2EFF2ECE9A61}.Debug|Any CPU.ActiveCfg = Debug|Any CPU
		{558CE2C6-9658-D413-BB81-2EFF2ECE9A61}.Debug|Any CPU.Build.0 = Debug|Any CPU
		{558CE2C6-9658-D413-BB81-2EFF2ECE9A61}.Release|Any CPU.ActiveCfg = Release|Any CPU
		{558CE2C6-9658-D413-BB81-2EFF2ECE9A61}.Release|Any CPU.Build.0 = Release|Any CPU
		{93E5FD9A-CD97-404E-B5CF-799595089AF5}.Debug|Any CPU.ActiveCfg = Debug|Any CPU
		{93E5FD9A-CD97-404E-B5CF-799595089AF5}.Debug|Any CPU.Build.0 = Debug|Any CPU
		{93E5FD9A-CD97-404E-B5CF-799595089AF5}.Release|Any CPU.ActiveCfg = Release|Any CPU
		{93E5FD9A-CD97-404E-B5CF-799595089AF5}.Release|Any CPU.Build.0 = Release|Any CPU
		{6BA7CABC-F9A5-36B0-B0D1-A9F7C15F8EC3}.Debug|Any CPU.ActiveCfg = Debug|Any CPU
		{6BA7CABC-F9A5-36B0-B0D1-A9F7C15F8EC3}.Debug|Any CPU.Build.0 = Debug|Any CPU
		{6BA7CABC-F9A5-36B0-B0D1-A9F7C15F8EC3}.Release|Any CPU.ActiveCfg = Release|Any CPU
		{6BA7CABC-F9A5-36B0-B0D1-A9F7C15F8EC3}.Release|Any CPU.Build.0 = Release|Any CPU
		{C87E4376-29F1-3347-D643-6D444867EBE3}.Debug|Any CPU.ActiveCfg = Debug|Any CPU
		{C87E4376-29F1-3347-D643-6D444867EBE3}.Debug|Any CPU.Build.0 = Debug|Any CPU
		{C87E4376-29F1-3347-D643-6D444867EBE3}.Release|Any CPU.ActiveCfg = Release|Any CPU
		{C87E4376-29F1-3347-D643-6D444867EBE3}.Release|Any CPU.Build.0 = Release|Any CPU
		{028667F3-B009-FE9B-180C-75271513A3C3}.Debug|Any CPU.ActiveCfg = Debug|Any CPU
		{028667F3-B009-FE9B-180C-75271513A3C3}.Debug|Any CPU.Build.0 = Debug|Any CPU
		{028667F3-B009-FE9B-180C-75271513A3C3}.Release|Any CPU.ActiveCfg = Release|Any CPU
		{028667F3-B009-FE9B-180C-75271513A3C3}.Release|Any CPU.Build.0 = Release|Any CPU
		{A5F85674-5A6F-A907-A19A-0D51BFAC2C5F}.Debug|Any CPU.ActiveCfg = Debug|Any CPU
		{A5F85674-5A6F-A907-A19A-0D51BFAC2C5F}.Debug|Any CPU.Build.0 = Debug|Any CPU
		{A5F85674-5A6F-A907-A19A-0D51BFAC2C5F}.Release|Any CPU.ActiveCfg = Release|Any CPU
		{A5F85674-5A6F-A907-A19A-0D51BFAC2C5F}.Release|Any CPU.Build.0 = Release|Any CPU
		{89018817-8AF1-B3F6-E7D6-E8BFD01440A2}.Debug|Any CPU.ActiveCfg = Debug|Any CPU
		{89018817-8AF1-B3F6-E7D6-E8BFD01440A2}.Debug|Any CPU.Build.0 = Debug|Any CPU
		{89018817-8AF1-B3F6-E7D6-E8BFD01440A2}.Release|Any CPU.ActiveCfg = Release|Any CPU
		{89018817-8AF1-B3F6-E7D6-E8BFD01440A2}.Release|Any CPU.Build.0 = Release|Any CPU
		{879C3060-F403-C92A-DF19-139E774B7608}.Debug|Any CPU.ActiveCfg = Debug|Any CPU
		{879C3060-F403-C92A-DF19-139E774B7608}.Debug|Any CPU.Build.0 = Debug|Any CPU
		{879C3060-F403-C92A-DF19-139E774B7608}.Release|Any CPU.ActiveCfg = Release|Any CPU
		{879C3060-F403-C92A-DF19-139E774B7608}.Release|Any CPU.Build.0 = Release|Any CPU
		{581FE2B2-FD0C-A3AB-F9DE-C82E54DBE800}.Debug|Any CPU.ActiveCfg = Debug|Any CPU
		{581FE2B2-FD0C-A3AB-F9DE-C82E54DBE800}.Debug|Any CPU.Build.0 = Debug|Any CPU
		{581FE2B2-FD0C-A3AB-F9DE-C82E54DBE800}.Release|Any CPU.ActiveCfg = Release|Any CPU
		{581FE2B2-FD0C-A3AB-F9DE-C82E54DBE800}.Release|Any CPU.Build.0 = Release|Any CPU
		{402C9750-1C84-A72A-A5AA-3C695E8392C3}.Debug|Any CPU.ActiveCfg = Debug|Any CPU
		{402C9750-1C84-A72A-A5AA-3C695E8392C3}.Debug|Any CPU.Build.0 = Debug|Any CPU
		{402C9750-1C84-A72A-A5AA-3C695E8392C3}.Release|Any CPU.ActiveCfg = Release|Any CPU
		{402C9750-1C84-A72A-A5AA-3C695E8392C3}.Release|Any CPU.Build.0 = Release|Any CPU
		{F7A6C5DE-E836-8EE3-CB6F-A11041E254EF}.Debug|Any CPU.ActiveCfg = Debug|Any CPU
		{F7A6C5DE-E836-8EE3-CB6F-A11041E254EF}.Debug|Any CPU.Build.0 = Debug|Any CPU
		{F7A6C5DE-E836-8EE3-CB6F-A11041E254EF}.Release|Any CPU.ActiveCfg = Release|Any CPU
		{F7A6C5DE-E836-8EE3-CB6F-A11041E254EF}.Release|Any CPU.Build.0 = Release|Any CPU
		{BCF7EE3E-C346-D197-4204-D2B0FFEDB0E5}.Debug|Any CPU.ActiveCfg = Debug|Any CPU
		{BCF7EE3E-C346-D197-4204-D2B0FFEDB0E5}.Debug|Any CPU.Build.0 = Debug|Any CPU
		{BCF7EE3E-C346-D197-4204-D2B0FFEDB0E5}.Release|Any CPU.ActiveCfg = Release|Any CPU
		{BCF7EE3E-C346-D197-4204-D2B0FFEDB0E5}.Release|Any CPU.Build.0 = Release|Any CPU
		{A480AED0-5287-FFAF-B0E6-B5EB20FA771F}.Debug|Any CPU.ActiveCfg = Debug|Any CPU
		{A480AED0-5287-FFAF-B0E6-B5EB20FA771F}.Debug|Any CPU.Build.0 = Debug|Any CPU
		{A480AED0-5287-FFAF-B0E6-B5EB20FA771F}.Release|Any CPU.ActiveCfg = Release|Any CPU
		{A480AED0-5287-FFAF-B0E6-B5EB20FA771F}.Release|Any CPU.Build.0 = Release|Any CPU
		{B5CFEAB7-B162-46B1-E98F-38D59AA1A06F}.Debug|Any CPU.ActiveCfg = Debug|Any CPU
		{B5CFEAB7-B162-46B1-E98F-38D59AA1A06F}.Debug|Any CPU.Build.0 = Debug|Any CPU
		{B5CFEAB7-B162-46B1-E98F-38D59AA1A06F}.Release|Any CPU.ActiveCfg = Release|Any CPU
		{B5CFEAB7-B162-46B1-E98F-38D59AA1A06F}.Release|Any CPU.Build.0 = Release|Any CPU
		{13E52C19-6997-F96E-BC68-4B6371560D0C}.Debug|Any CPU.ActiveCfg = Debug|Any CPU
		{13E52C19-6997-F96E-BC68-4B6371560D0C}.Debug|Any CPU.Build.0 = Debug|Any CPU
		{13E52C19-6997-F96E-BC68-4B6371560D0C}.Release|Any CPU.ActiveCfg = Release|Any CPU
		{13E52C19-6997-F96E-BC68-4B6371560D0C}.Release|Any CPU.Build.0 = Release|Any CPU
		{9436A0D6-2182-EDD7-C01B-0084FA88B192}.Debug|Any CPU.ActiveCfg = Debug|Any CPU
		{9436A0D6-2182-EDD7-C01B-0084FA88B192}.Debug|Any CPU.Build.0 = Debug|Any CPU
		{9436A0D6-2182-EDD7-C01B-0084FA88B192}.Release|Any CPU.ActiveCfg = Release|Any CPU
		{9436A0D6-2182-EDD7-C01B-0084FA88B192}.Release|Any CPU.Build.0 = Release|Any CPU
		{FAC14370-2373-C57B-27AC-CA65F54F67E7}.Debug|Any CPU.ActiveCfg = Debug|Any CPU
		{FAC14370-2373-C57B-27AC-CA65F54F67E7}.Debug|Any CPU.Build.0 = Debug|Any CPU
		{FAC14370-2373-C57B-27AC-CA65F54F67E7}.Release|Any CPU.ActiveCfg = Release|Any CPU
		{FAC14370-2373-C57B-27AC-CA65F54F67E7}.Release|Any CPU.Build.0 = Release|Any CPU
		{13CBD505-4959-52B5-1656-9AE73623644D}.Debug|Any CPU.ActiveCfg = Debug|Any CPU
		{13CBD505-4959-52B5-1656-9AE73623644D}.Debug|Any CPU.Build.0 = Debug|Any CPU
		{13CBD505-4959-52B5-1656-9AE73623644D}.Release|Any CPU.ActiveCfg = Release|Any CPU
		{13CBD505-4959-52B5-1656-9AE73623644D}.Release|Any CPU.Build.0 = Release|Any CPU
		{ED223D52-D9A5-ECFF-726D-7E3722D67636}.Debug|Any CPU.ActiveCfg = Debug|Any CPU
		{ED223D52-D9A5-ECFF-726D-7E3722D67636}.Debug|Any CPU.Build.0 = Debug|Any CPU
		{ED223D52-D9A5-ECFF-726D-7E3722D67636}.Release|Any CPU.ActiveCfg = Release|Any CPU
		{ED223D52-D9A5-ECFF-726D-7E3722D67636}.Release|Any CPU.Build.0 = Release|Any CPU
		{BA871918-4679-46A3-DAF1-42E2C80C0E18}.Debug|Any CPU.ActiveCfg = Debug|Any CPU
		{BA871918-4679-46A3-DAF1-42E2C80C0E18}.Debug|Any CPU.Build.0 = Debug|Any CPU
		{BA871918-4679-46A3-DAF1-42E2C80C0E18}.Release|Any CPU.ActiveCfg = Release|Any CPU
		{BA871918-4679-46A3-DAF1-42E2C80C0E18}.Release|Any CPU.Build.0 = Release|Any CPU
		{97146A40-D3F0-FD42-3090-93B6920D0F3B}.Debug|Any CPU.ActiveCfg = Debug|Any CPU
		{97146A40-D3F0-FD42-3090-93B6920D0F3B}.Debug|Any CPU.Build.0 = Debug|Any CPU
		{97146A40-D3F0-FD42-3090-93B6920D0F3B}.Release|Any CPU.ActiveCfg = Release|Any CPU
		{97146A40-D3F0-FD42-3090-93B6920D0F3B}.Release|Any CPU.Build.0 = Release|Any CPU
		{1F455209-A96A-3F6D-97EB-9FF12EF0F19D}.Debug|Any CPU.ActiveCfg = Debug|Any CPU
		{1F455209-A96A-3F6D-97EB-9FF12EF0F19D}.Debug|Any CPU.Build.0 = Debug|Any CPU
		{1F455209-A96A-3F6D-97EB-9FF12EF0F19D}.Release|Any CPU.ActiveCfg = Release|Any CPU
		{1F455209-A96A-3F6D-97EB-9FF12EF0F19D}.Release|Any CPU.Build.0 = Release|Any CPU
	EndGlobalSection
	GlobalSection(SolutionProperties) = preSolution
		HideSolutionNode = FALSE
	EndGlobalSection
EndGlobal
